
Microsoft Visual Studio Solution File, Format Version 11.00
# Visual Studio 2010
Project("{F184B08F-C81C-45F6-A57F-5ABD9991F28F}") = "SST_QC", "SST_QC.vbproj", "{4FDA2E6F-5BAF-4BEE-898C-0EB06864007C}"
EndProject
Global
	GlobalSection(SolutionConfigurationPlatforms) = preSolution
		Debug|Any CPU = Debug|Any CPU
		Release|Any CPU = Release|Any CPU
	EndGlobalSection
	GlobalSection(ProjectConfigurationPlatforms) = postSolution
		{4FDA2E6F-5BAF-4BEE-898C-0EB06864007C}.Debug|Any CPU.ActiveCfg = Debug|Any CPU
		{4FDA2E6F-5BAF-4BEE-898C-0EB06864007C}.Debug|Any CPU.Build.0 = Debug|Any CPU
		{4FDA2E6F-5BAF-4BEE-898C-0EB06864007C}.Release|Any CPU.ActiveCfg = Release|Any CPU
		{4FDA2E6F-5BAF-4BEE-898C-0EB06864007C}.Release|Any CPU.Build.0 = Release|Any CPU
	EndGlobalSection
	GlobalSection(SolutionProperties) = preSolution
		HideSolutionNode = FALSE
	EndGlobalSection
EndGlobal
